
Microsoft Visual Studio Solution File, Format Version 12.00
# Visual Studio Version 16
VisualStudioVersion = 16.0.29519.87
MinimumVisualStudioVersion = 10.0.40219.1
Project("{FAE04EC0-301F-11D3-BF4B-00C04F79EFBC}") = "interior", "interior\interior.csproj", "{2D670FFB-F64A-4F58-B77E-FAFF43A8F591}"
EndProject
Global
	GlobalSection(SolutionConfigurationPlatforms) = preSolution
		Debug|Any CPU = Debug|Any CPU
		Release|Any CPU = Release|Any CPU
	EndGlobalSection
	GlobalSection(ProjectConfigurationPlatforms) = postSolution
		{2D670FFB-F64A-4F58-B77E-FAFF43A8F591}.Debug|Any CPU.ActiveCfg = Debug|Any CPU
		{2D670FFB-F64A-4F58-B77E-FAFF43A8F591}.Debug|Any CPU.Build.0 = Debug|Any CPU
		{2D670FFB-F64A-4F58-B77E-FAFF43A8F591}.Release|Any CPU.ActiveCfg = Release|Any CPU
		{2D670FFB-F64A-4F58-B77E-FAFF43A8F591}.Release|Any CPU.Build.0 = Release|Any CPU
	EndGlobalSection
	GlobalSection(SolutionProperties) = preSolution
		HideSolutionNode = FALSE
	EndGlobalSection
	GlobalSection(ExtensibilityGlobals) = postSolution
		SolutionGuid = {F2330C9B-FD34-4470-B6D0-036FB55EE4C3}
	EndGlobalSection
EndGlobal
